
Microsoft Visual Studio Solution File, Format Version 12.00
# Visual Studio Version 17
VisualStudioVersion = 17.14.36511.14 d17.14
MinimumVisualStudioVersion = 10.0.40219.1
Project("{FAE04EC0-301F-11D3-BF4B-00C04F79EFBC}") = "GitTest", "GitTest.csproj", "{D3022DB0-109B-4B49-B2EC-13BBDD7B2FEA}"
EndProject
Global
	GlobalSection(SolutionConfigurationPlatforms) = preSolution
		Debug|Any CPU = Debug|Any CPU
		Release|Any CPU = Release|Any CPU
	EndGlobalSection
	GlobalSection(ProjectConfigurationPlatforms) = postSolution
		{D3022DB0-109B-4B49-B2EC-13BBDD7B2FEA}.Debug|Any CPU.ActiveCfg = Debug|Any CPU
		{D3022DB0-109B-4B49-B2EC-13BBDD7B2FEA}.Debug|Any CPU.Build.0 = Debug|Any CPU
		{D3022DB0-109B-4B49-B2EC-13BBDD7B2FEA}.Release|Any CPU.ActiveCfg = Release|Any CPU
		{D3022DB0-109B-4B49-B2EC-13BBDD7B2FEA}.Release|Any CPU.Build.0 = Release|Any CPU
	EndGlobalSection
	GlobalSection(SolutionProperties) = preSolution
		HideSolutionNode = FALSE
	EndGlobalSection
	GlobalSection(ExtensibilityGlobals) = postSolution
		SolutionGuid = {36EC3E28-1A01-4836-ADC3-0A16A651610F}
	EndGlobalSection
EndGlobal
